
Microsoft Visual Studio Solution File, Format Version 12.00
# Visual Studio 2012
Project("{FAE04EC0-301F-11D3-BF4B-00C04F79EFBC}") = "Phoneword.Droid", "Droid\Phoneword.Droid.csproj", "{06D639AD-5611-43AE-89D1-65212805D01D}"
EndProject
Project("{FAE04EC0-301F-11D3-BF4B-00C04F79EFBC}") = "Phoneword.iOS", "iOS\Phoneword.iOS.csproj", "{6DFFA2E7-9652-4B3E-8A07-3E5156D40A3C}"
EndProject
Project("{FAE04EC0-301F-11D3-BF4B-00C04F79EFBC}") = "Phoneword", "Phoneword\Phoneword.csproj", "{11734ABC-08FA-43E8-AE97-CFAC2AD1594B}"
EndProject
Global
	GlobalSection(SolutionConfigurationPlatforms) = preSolution
		Debug|Any CPU = Debug|Any CPU
		Release|Any CPU = Release|Any CPU
		Debug|iPhoneSimulator = Debug|iPhoneSimulator
		Release|iPhone = Release|iPhone
		Release|iPhoneSimulator = Release|iPhoneSimulator
		Debug|iPhone = Debug|iPhone
	EndGlobalSection
	GlobalSection(ProjectConfigurationPlatforms) = postSolution
		{06D639AD-5611-43AE-89D1-65212805D01D}.Debug|Any CPU.ActiveCfg = Debug|Any CPU
		{06D639AD-5611-43AE-89D1-65212805D01D}.Debug|Any CPU.Build.0 = Debug|Any CPU
		{06D639AD-5611-43AE-89D1-65212805D01D}.Release|Any CPU.ActiveCfg = Release|Any CPU
		{06D639AD-5611-43AE-89D1-65212805D01D}.Release|Any CPU.Build.0 = Release|Any CPU
		{06D639AD-5611-43AE-89D1-65212805D01D}.Debug|iPhoneSimulator.ActiveCfg = Debug|Any CPU
		{06D639AD-5611-43AE-89D1-65212805D01D}.Debug|iPhoneSimulator.Build.0 = Debug|Any CPU
		{06D639AD-5611-43AE-89D1-65212805D01D}.Release|iPhone.ActiveCfg = Release|Any CPU
		{06D639AD-5611-43AE-89D1-65212805D01D}.Release|iPhone.Build.0 = Release|Any CPU
		{06D639AD-5611-43AE-89D1-65212805D01D}.Release|iPhoneSimulator.ActiveCfg = Release|Any CPU
		{06D639AD-5611-43AE-89D1-65212805D01D}.Release|iPhoneSimulator.Build.0 = Release|Any CPU
		{06D639AD-5611-43AE-89D1-65212805D01D}.Debug|iPhone.ActiveCfg = Debug|Any CPU
		{06D639AD-5611-43AE-89D1-65212805D01D}.Debug|iPhone.Build.0 = Debug|Any CPU
		{6DFFA2E7-9652-4B3E-8A07-3E5156D40A3C}.Debug|Any CPU.ActiveCfg = Debug|iPhoneSimulator
		{6DFFA2E7-9652-4B3E-8A07-3E5156D40A3C}.Debug|Any CPU.Build.0 = Debug|iPhoneSimulator
		{6DFFA2E7-9652-4B3E-8A07-3E5156D40A3C}.Release|Any CPU.ActiveCfg = Release|iPhone
		{6DFFA2E7-9652-4B3E-8A07-3E5156D40A3C}.Release|Any CPU.Build.0 = Release|iPhone
		{6DFFA2E7-9652-4B3E-8A07-3E5156D40A3C}.Debug|iPhoneSimulator.ActiveCfg = Debug|iPhoneSimulator
		{6DFFA2E7-9652-4B3E-8A07-3E5156D40A3C}.Debug|iPhoneSimulator.Build.0 = Debug|iPhoneSimulator
		{6DFFA2E7-9652-4B3E-8A07-3E5156D40A3C}.Release|iPhone.ActiveCfg = Release|iPhone
		{6DFFA2E7-9652-4B3E-8A07-3E5156D40A3C}.Release|iPhone.Build.0 = Release|iPhone
		{6DFFA2E7-9652-4B3E-8A07-3E5156D40A3C}.Release|iPhoneSimulator.ActiveCfg = Release|iPhoneSimulator
		{6DFFA2E7-9652-4B3E-8A07-3E5156D40A3C}.Release|iPhoneSimulator.Build.0 = Release|iPhoneSimulator
		{6DFFA2E7-9652-4B3E-8A07-3E5156D40A3C}.Debug|iPhone.ActiveCfg = Debug|iPhone
		{6DFFA2E7-9652-4B3E-8A07-3E5156D40A3C}.Debug|iPhone.Build.0 = Debug|iPhone
		{11734ABC-08FA-43E8-AE97-CFAC2AD1594B}.Debug|Any CPU.ActiveCfg = Debug|Any CPU
		{11734ABC-08FA-43E8-AE97-CFAC2AD1594B}.Debug|Any CPU.Build.0 = Debug|Any CPU
		{11734ABC-08FA-43E8-AE97-CFAC2AD1594B}.Release|Any CPU.ActiveCfg = Release|Any CPU
		{11734ABC-08FA-43E8-AE97-CFAC2AD1594B}.Release|Any CPU.Build.0 = Release|Any CPU
		{11734ABC-08FA-43E8-AE97-CFAC2AD1594B}.Debug|iPhoneSimulator.ActiveCfg = Debug|Any CPU
		{11734ABC-08FA-43E8-AE97-CFAC2AD1594B}.Debug|iPhoneSimulator.Build.0 = Debug|Any CPU
		{11734ABC-08FA-43E8-AE97-CFAC2AD1594B}.Release|iPhone.ActiveCfg = Release|Any CPU
		{11734ABC-08FA-43E8-AE97-CFAC2AD1594B}.Release|iPhone.Build.0 = Release|Any CPU
		{11734ABC-08FA-43E8-AE97-CFAC2AD1594B}.Release|iPhoneSimulator.ActiveCfg = Release|Any CPU
		{11734ABC-08FA-43E8-AE97-CFAC2AD1594B}.Release|iPhoneSimulator.Build.0 = Release|Any CPU
		{11734ABC-08FA-43E8-AE97-CFAC2AD1594B}.Debug|iPhone.ActiveCfg = Debug|Any CPU
		{11734ABC-08FA-43E8-AE97-CFAC2AD1594B}.Debug|iPhone.Build.0 = Debug|Any CPU
	EndGlobalSection
EndGlobal
